{
  "name": "chess_cli",
  "version": "1.0.0",
  "lockfileVersion": 1,
  "requires": true,
  "dependencies": {
    "stockfish": {
      "version": "10.0.0",
      "resolved": "https://registry.npmjs.org/stockfish/-/stockfish-10.0.0.tgz",
      "integrity": "sha512-4t6ddJ8schqwR3H3BnMcATdH6UumHLafvhILowMUu+9KTFx8NaObeOxICdF+Rlo0SABT5lMvh4WJx164CFIrCQ=="
    }
  }
}
